
Microsoft Visual Studio Solution File, Format Version 12.00
# Visual Studio Version 17
VisualStudioVersion = 17.6.33829.357
MinimumVisualStudioVersion = 10.0.40219.1
Project("{9A19103F-16F7-4668-BE54-9A1E7A4F7556}") = "Cassowary", "Cassowary.csproj", "{44CDE170-838F-4A3F-80C4-5A918725F208}"
EndProject
Project("{9A19103F-16F7-4668-BE54-9A1E7A4F7556}") = "CassowaryDemo", "..\CassowaryDemo\CassowaryDemo.csproj", "{7C5803F6-96F2-4203-9B32-F09D8DDA285B}"
EndProject
Global
	GlobalSection(SolutionConfigurationPlatforms) = preSolution
		Debug|Any CPU = Debug|Any CPU
		Release|Any CPU = Release|Any CPU
	EndGlobalSection
	GlobalSection(ProjectConfigurationPlatforms) = postSolution
		{44CDE170-838F-4A3F-80C4-5A918725F208}.Debug|Any CPU.ActiveCfg = Debug|Any CPU
		{44CDE170-838F-4A3F-80C4-5A918725F208}.Debug|Any CPU.Build.0 = Debug|Any CPU
		{44CDE170-838F-4A3F-80C4-5A918725F208}.Release|Any CPU.ActiveCfg = Release|Any CPU
		{44CDE170-838F-4A3F-80C4-5A918725F208}.Release|Any CPU.Build.0 = Release|Any CPU
		{7C5803F6-96F2-4203-9B32-F09D8DDA285B}.Debug|Any CPU.ActiveCfg = Debug|Any CPU
		{7C5803F6-96F2-4203-9B32-F09D8DDA285B}.Debug|Any CPU.Build.0 = Debug|Any CPU
		{7C5803F6-96F2-4203-9B32-F09D8DDA285B}.Release|Any CPU.ActiveCfg = Release|Any CPU
		{7C5803F6-96F2-4203-9B32-F09D8DDA285B}.Release|Any CPU.Build.0 = Release|Any CPU
	EndGlobalSection
	GlobalSection(SolutionProperties) = preSolution
		HideSolutionNode = FALSE
	EndGlobalSection
	GlobalSection(ExtensibilityGlobals) = postSolution
		SolutionGuid = {33322C99-BF40-454B-A553-8F5E042965DD}
	EndGlobalSection
EndGlobal
